// !$*UTF8*$!
{
	archiveVersion = 1;
	classes = {
	};
	objectVersion = 51;
	objects = {

/* Begin PBXBuildFile section */
		646E499C63DEED21A6F62793 /* Pods_msgraph__macOS_.framework in Frameworks */ = {isa = PBXBuildFile; fileRef = D1DB600EFCC0C8F6D5C6CF71 /* Pods_msgraph__macOS_.framework */; };
		80F2BF6332C4B6ED3FDD562B /* Pods_msgraph__iOS_.framework in Frameworks */ = {isa = PBXBuildFile; fileRef = 06B4D120AB56C6D776D5E6ED /* Pods_msgraph__iOS_.framework */; };
		E606E36C2666BE4A00A7970A /* ContentView.swift in Sources */ = {isa = PBXBuildFile; fileRef = E606E36B2666BE4A00A7970A /* ContentView.swift */; };
		E606E36D2666BE4A00A7970A /* ContentView.swift in Sources */ = {isa = PBXBuildFile; fileRef = E606E36B2666BE4A00A7970A /* ContentView.swift */; };
		E6145F28265FF258009296EE /* EventView.swift in Sources */ = {isa = PBXBuildFile; fileRef = E6145F27265FF258009296EE /* EventView.swift */; };
		E6145F29265FF258009296EE /* EventView.swift in Sources */ = {isa = PBXBuildFile; fileRef = E6145F27265FF258009296EE /* EventView.swift */; };
		E6145F2C265FF5A8009296EE /* schema.json in Resources */ = {isa = PBXBuildFile; fileRef = E6145F2B265FF5A7009296EE /* schema.json */; };
		E6145F2D265FF5A8009296EE /* schema.json in Resources */ = {isa = PBXBuildFile; fileRef = E6145F2B265FF5A7009296EE /* schema.json */; };
		E6145F2F265FF67C009296EE /* LaunchList.graphql in Resources */ = {isa = PBXBuildFile; fileRef = E6145F2E265FF67C009296EE /* LaunchList.graphql */; };
		E6145F30265FF67C009296EE /* LaunchList.graphql in Resources */ = {isa = PBXBuildFile; fileRef = E6145F2E265FF67C009296EE /* LaunchList.graphql */; };
		E6145F32265FF7E0009296EE /* Network.swift in Sources */ = {isa = PBXBuildFile; fileRef = E6145F31265FF7E0009296EE /* Network.swift */; };
		E6145F33265FF7E0009296EE /* Network.swift in Sources */ = {isa = PBXBuildFile; fileRef = E6145F31265FF7E0009296EE /* Network.swift */; };
		E69A63D126753EB9002C869B /* LaunchListData.swift in Sources */ = {isa = PBXBuildFile; fileRef = E69A63D026753EB9002C869B /* LaunchListData.swift */; };
		E69A63D226753EB9002C869B /* LaunchListData.swift in Sources */ = {isa = PBXBuildFile; fileRef = E69A63D026753EB9002C869B /* LaunchListData.swift */; };
		E69A63D726754013002C869B /* API.swift in Sources */ = {isa = PBXBuildFile; fileRef = E69A63D626754013002C869B /* API.swift */; };
		E69A63D826754013002C869B /* API.swift in Sources */ = {isa = PBXBuildFile; fileRef = E69A63D626754013002C869B /* API.swift */; };
		E69A63DA267551DE002C869B /* RemoteImage.swift in Sources */ = {isa = PBXBuildFile; fileRef = E69A63D9267551DE002C869B /* RemoteImage.swift */; };
		E69A63DB267551DE002C869B /* RemoteImage.swift in Sources */ = {isa = PBXBuildFile; fileRef = E69A63D9267551DE002C869B /* RemoteImage.swift */; };
		E6CD42922666C98E002CB0F1 /* VersionSettingBundle.bundle in Resources */ = {isa = PBXBuildFile; fileRef = E6CD42912666C98E002CB0F1 /* VersionSettingBundle.bundle */; };
		E6CD42932666C98E002CB0F1 /* VersionSettingBundle.bundle in Resources */ = {isa = PBXBuildFile; fileRef = E6CD42912666C98E002CB0F1 /* VersionSettingBundle.bundle */; };
		E6CECDDF265D210D00CA87F8 /* msgraphApp.swift in Sources */ = {isa = PBXBuildFile; fileRef = E6CECDCC265D20F600CA87F8 /* msgraphApp.swift */; };
		E6CECDE0265D210D00CA87F8 /* msgraphApp.swift in Sources */ = {isa = PBXBuildFile; fileRef = E6CECDCC265D20F600CA87F8 /* msgraphApp.swift */; };
		E6CECDE3265D210D00CA87F8 /* Assets.xcassets in Resources */ = {isa = PBXBuildFile; fileRef = E6CECDCE265D210D00CA87F8 /* Assets.xcassets */; };
		E6CECDE4265D210D00CA87F8 /* Assets.xcassets in Resources */ = {isa = PBXBuildFile; fileRef = E6CECDCE265D210D00CA87F8 /* Assets.xcassets */; };
/* End PBXBuildFile section */

/* Begin PBXFileReference section */
		0659DB809050A7FE5100F705 /* Pods-msgraph (iOS).release.xcconfig */ = {isa = PBXFileReference; includeInIndex = 1; lastKnownFileType = text.xcconfig; name = "Pods-msgraph (iOS).release.xcconfig"; path = "Target Support Files/Pods-msgraph (iOS)/Pods-msgraph (iOS).release.xcconfig"; sourceTree = "<group>"; };
		06B4D120AB56C6D776D5E6ED /* Pods_msgraph__iOS_.framework */ = {isa = PBXFileReference; explicitFileType = wrapper.framework; includeInIndex = 0; path = Pods_msgraph__iOS_.framework; sourceTree = BUILT_PRODUCTS_DIR; };
		2E55F4F22A837B7418E1541E /* Pods-msgraph (macOS).debug.xcconfig */ = {isa = PBXFileReference; includeInIndex = 1; lastKnownFileType = text.xcconfig; name = "Pods-msgraph (macOS).debug.xcconfig"; path = "Target Support Files/Pods-msgraph (macOS)/Pods-msgraph (macOS).debug.xcconfig"; sourceTree = "<group>"; };
		8A1709C209B04C3E9AA222AE /* Pods-msgraph (macOS).release.xcconfig */ = {isa = PBXFileReference; includeInIndex = 1; lastKnownFileType = text.xcconfig; name = "Pods-msgraph (macOS).release.xcconfig"; path = "Target Support Files/Pods-msgraph (macOS)/Pods-msgraph (macOS).release.xcconfig"; sourceTree = "<group>"; };
		D1DB600EFCC0C8F6D5C6CF71 /* Pods_msgraph__macOS_.framework */ = {isa = PBXFileReference; explicitFileType = wrapper.framework; includeInIndex = 0; path = Pods_msgraph__macOS_.framework; sourceTree = BUILT_PRODUCTS_DIR; };
		E606E36B2666BE4A00A7970A /* ContentView.swift */ = {isa = PBXFileReference; lastKnownFileType = sourcecode.swift; path = ContentView.swift; sourceTree = "<group>"; };
		E6145F27265FF258009296EE /* EventView.swift */ = {isa = PBXFileReference; lastKnownFileType = sourcecode.swift; path = EventView.swift; sourceTree = "<group>"; };
		E6145F2B265FF5A7009296EE /* schema.json */ = {isa = PBXFileReference; fileEncoding = 4; lastKnownFileType = text.json; path = schema.json; sourceTree = "<group>"; };
		E6145F2E265FF67C009296EE /* LaunchList.graphql */ = {isa = PBXFileReference; lastKnownFileType = text; path = LaunchList.graphql; sourceTree = "<group>"; };
		E6145F31265FF7E0009296EE /* Network.swift */ = {isa = PBXFileReference; lastKnownFileType = sourcecode.swift; path = Network.swift; sourceTree = "<group>"; };
		E69A63D026753EB9002C869B /* LaunchListData.swift */ = {isa = PBXFileReference; lastKnownFileType = sourcecode.swift; path = LaunchListData.swift; sourceTree = "<group>"; };
		E69A63D626754013002C869B /* API.swift */ = {isa = PBXFileReference; lastKnownFileType = sourcecode.swift; path = API.swift; sourceTree = SOURCE_ROOT; };
		E69A63D9267551DE002C869B /* RemoteImage.swift */ = {isa = PBXFileReference; lastKnownFileType = sourcecode.swift; path = RemoteImage.swift; sourceTree = "<group>"; };
		E6CD42912666C98E002CB0F1 /* VersionSettingBundle.bundle */ = {isa = PBXFileReference; lastKnownFileType = "wrapper.plug-in"; path = VersionSettingBundle.bundle; sourceTree = "<group>"; };
		E6CECDCC265D20F600CA87F8 /* msgraphApp.swift */ = {isa = PBXFileReference; lastKnownFileType = sourcecode.swift; path = msgraphApp.swift; sourceTree = "<group>"; };
		E6CECDCE265D210D00CA87F8 /* Assets.xcassets */ = {isa = PBXFileReference; lastKnownFileType = folder.assetcatalog; path = Assets.xcassets; sourceTree = "<group>"; };
		E6CECDD3265D210D00CA87F8 /* msgraph.app */ = {isa = PBXFileReference; explicitFileType = wrapper.application; includeInIndex = 0; path = msgraph.app; sourceTree = BUILT_PRODUCTS_DIR; };
		E6CECDD6265D210D00CA87F8 /* Info.plist */ = {isa = PBXFileReference; lastKnownFileType = text.plist.xml; path = Info.plist; sourceTree = "<group>"; };
		E6CECDDB265D210D00CA87F8 /* msgraph.app */ = {isa = PBXFileReference; explicitFileType = wrapper.application; includeInIndex = 0; path = msgraph.app; sourceTree = BUILT_PRODUCTS_DIR; };
		E6CECDDD265D210D00CA87F8 /* Info.plist */ = {isa = PBXFileReference; lastKnownFileType = text.plist.xml; path = Info.plist; sourceTree = "<group>"; };
		E6CECDDE265D210D00CA87F8 /* macOS.entitlements */ = {isa = PBXFileReference; lastKnownFileType = text.plist.entitlements; path = macOS.entitlements; sourceTree = "<group>"; };
		EDFF493BA2766689499140C7 /* Pods-msgraph (iOS).debug.xcconfig */ = {isa = PBXFileReference; includeInIndex = 1; lastKnownFileType = text.xcconfig; name = "Pods-msgraph (iOS).debug.xcconfig"; path = "Target Support Files/Pods-msgraph (iOS)/Pods-msgraph (iOS).debug.xcconfig"; sourceTree = "<group>"; };
/* End PBXFileReference section */

/* Begin PBXFrameworksBuildPhase section */
		E6CECDD0265D210D00CA87F8 /* Frameworks */ = {
			isa = PBXFrameworksBuildPhase;
			buildActionMask = 2147483647;
			files = (
				80F2BF6332C4B6ED3FDD562B /* Pods_msgraph__iOS_.framework in Frameworks */,
			);
			runOnlyForDeploymentPostprocessing = 0;
		};
		E6CECDD8265D210D00CA87F8 /* Frameworks */ = {
			isa = PBXFrameworksBuildPhase;
			buildActionMask = 2147483647;
			files = (
				646E499C63DEED21A6F62793 /* Pods_msgraph__macOS_.framework in Frameworks */,
			);
			runOnlyForDeploymentPostprocessing = 0;
		};
/* End PBXFrameworksBuildPhase section */

/* Begin PBXGroup section */
		012052176C1C5E845BE6385B /* Frameworks */ = {
			isa = PBXGroup;
			children = (
				06B4D120AB56C6D776D5E6ED /* Pods_msgraph__iOS_.framework */,
				D1DB600EFCC0C8F6D5C6CF71 /* Pods_msgraph__macOS_.framework */,
			);
			name = Frameworks;
			sourceTree = "<group>";
		};
		64692C0FAFF5F971D528921B /* Pods */ = {
			isa = PBXGroup;
			children = (
				EDFF493BA2766689499140C7 /* Pods-msgraph (iOS).debug.xcconfig */,
				0659DB809050A7FE5100F705 /* Pods-msgraph (iOS).release.xcconfig */,
				2E55F4F22A837B7418E1541E /* Pods-msgraph (macOS).debug.xcconfig */,
				8A1709C209B04C3E9AA222AE /* Pods-msgraph (macOS).release.xcconfig */,
			);
			path = Pods;
			sourceTree = "<group>";
		};
		E6CECDC6265D20F400CA87F8 = {
			isa = PBXGroup;
			children = (
				E6145F2B265FF5A7009296EE /* schema.json */,
				E6145F2E265FF67C009296EE /* LaunchList.graphql */,
				E6CECDCB265D20F600CA87F8 /* Shared */,
				E6CECDD5265D210D00CA87F8 /* iOS */,
				E6CECDDC265D210D00CA87F8 /* macOS */,
				E6CECDD4265D210D00CA87F8 /* Products */,
				64692C0FAFF5F971D528921B /* Pods */,
				012052176C1C5E845BE6385B /* Frameworks */,
			);
			sourceTree = "<group>";
		};
		E6CECDCB265D20F600CA87F8 /* Shared */ = {
			isa = PBXGroup;
			children = (
				E6CECDCC265D20F600CA87F8 /* msgraphApp.swift */,
				E606E36B2666BE4A00A7970A /* ContentView.swift */,
				E69A63D026753EB9002C869B /* LaunchListData.swift */,
				E6145F27265FF258009296EE /* EventView.swift */,
				E69A63D9267551DE002C869B /* RemoteImage.swift */,
				E6145F31265FF7E0009296EE /* Network.swift */,
				E69A63D626754013002C869B /* API.swift */,
				E6CD42912666C98E002CB0F1 /* VersionSettingBundle.bundle */,
				E6CECDCE265D210D00CA87F8 /* Assets.xcassets */,
			);
			path = Shared;
			sourceTree = "<group>";
		};
		E6CECDD4265D210D00CA87F8 /* Products */ = {
			isa = PBXGroup;
			children = (
				E6CECDD3265D210D00CA87F8 /* msgraph.app */,
				E6CECDDB265D210D00CA87F8 /* msgraph.app */,
			);
			name = Products;
			sourceTree = "<group>";
		};
		E6CECDD5265D210D00CA87F8 /* iOS */ = {
			isa = PBXGroup;
			children = (
				E6CECDD6265D210D00CA87F8 /* Info.plist */,
			);
			path = iOS;
			sourceTree = "<group>";
		};
		E6CECDDC265D210D00CA87F8 /* macOS */ = {
			isa = PBXGroup;
			children = (
				E6CECDDD265D210D00CA87F8 /* Info.plist */,
				E6CECDDE265D210D00CA87F8 /* macOS.entitlements */,
			);
			path = macOS;
			sourceTree = "<group>";
		};
/* End PBXGroup section */

/* Begin PBXNativeTarget section */
		E6CECDD2265D210D00CA87F8 /* msgraph (iOS) */ = {
			isa = PBXNativeTarget;
			buildConfigurationList = E6CECDE7265D210D00CA87F8 /* Build configuration list for PBXNativeTarget "msgraph (iOS)" */;
			buildPhases = (
				7FBBFEABC6B2A361A2E40EA0 /* [CP] Check Pods Manifest.lock */,
				E6145F2A265FF4A1009296EE /* Apollo CLI */,
				E6CECDCF265D210D00CA87F8 /* Sources */,
				E6CECDD0265D210D00CA87F8 /* Frameworks */,
				E6CECDD1265D210D00CA87F8 /* Resources */,
				48140F3400233D03BE1FA11C /* [CP] Embed Pods Frameworks */,
			);
			buildRules = (
			);
			dependencies = (
			);
			name = "msgraph (iOS)";
			productName = "msgraph (iOS)";
			productReference = E6CECDD3265D210D00CA87F8 /* msgraph.app */;
			productType = "com.apple.product-type.application";
		};
		E6CECDDA265D210D00CA87F8 /* msgraph (macOS) */ = {
			isa = PBXNativeTarget;
			buildConfigurationList = E6CECDEA265D210D00CA87F8 /* Build configuration list for PBXNativeTarget "msgraph (macOS)" */;
			buildPhases = (
				63B018FDC5ABA1C3156CAF86 /* [CP] Check Pods Manifest.lock */,
				E6CECDD7265D210D00CA87F8 /* Sources */,
				E6CECDD8265D210D00CA87F8 /* Frameworks */,
				E6CECDD9265D210D00CA87F8 /* Resources */,
			);
			buildRules = (
			);
			dependencies = (
			);
			name = "msgraph (macOS)";
			productName = "msgraph (macOS)";
			productReference = E6CECDDB265D210D00CA87F8 /* msgraph.app */;
			productType = "com.apple.product-type.application";
		};
/* End PBXNativeTarget section */

/* Begin PBXProject section */
		E6CECDC7265D20F400CA87F8 /* Project object */ = {
			isa = PBXProject;
			attributes = {
				LastSwiftUpdateCheck = 1250;
				LastUpgradeCheck = 1250;
				TargetAttributes = {
					E6CECDD2265D210D00CA87F8 = {
						CreatedOnToolsVersion = 12.5;
					};
					E6CECDDA265D210D00CA87F8 = {
						CreatedOnToolsVersion = 12.5;
					};
				};
			};
			buildConfigurationList = E6CECDCA265D20F400CA87F8 /* Build configuration list for PBXProject "msgraph" */;
			compatibilityVersion = "Xcode 9.3";
			developmentRegion = en;
			hasScannedForEncodings = 0;
			knownRegions = (
				en,
				Base,
			);
			mainGroup = E6CECDC6265D20F400CA87F8;
			productRefGroup = E6CECDD4265D210D00CA87F8 /* Products */;
			projectDirPath = "";
			projectRoot = "";
			targets = (
				E6CECDD2265D210D00CA87F8 /* msgraph (iOS) */,
				E6CECDDA265D210D00CA87F8 /* msgraph (macOS) */,
			);
		};
/* End PBXProject section */

/* Begin PBXResourcesBuildPhase section */
		E6CECDD1265D210D00CA87F8 /* Resources */ = {
			isa = PBXResourcesBuildPhase;
			buildActionMask = 2147483647;
			files = (
				E6145F2F265FF67C009296EE /* LaunchList.graphql in Resources */,
				E6CD42922666C98E002CB0F1 /* VersionSettingBundle.bundle in Resources */,
				E6145F2C265FF5A8009296EE /* schema.json in Resources */,
				E6CECDE3265D210D00CA87F8 /* Assets.xcassets in Resources */,
			);
			runOnlyForDeploymentPostprocessing = 0;
		};
		E6CECDD9265D210D00CA87F8 /* Resources */ = {
			isa = PBXResourcesBuildPhase;
			buildActionMask = 2147483647;
			files = (
				E6145F30265FF67C009296EE /* LaunchList.graphql in Resources */,
				E6CD42932666C98E002CB0F1 /* VersionSettingBundle.bundle in Resources */,
				E6145F2D265FF5A8009296EE /* schema.json in Resources */,
				E6CECDE4265D210D00CA87F8 /* Assets.xcassets in Resources */,
			);
			runOnlyForDeploymentPostprocessing = 0;
		};
/* End PBXResourcesBuildPhase section */

/* Begin PBXShellScriptBuildPhase section */
		48140F3400233D03BE1FA11C /* [CP] Embed Pods Frameworks */ = {
			isa = PBXShellScriptBuildPhase;
			buildActionMask = 2147483647;
			files = (
			);
			inputFileListPaths = (
				"${PODS_ROOT}/Target Support Files/Pods-msgraph (iOS)/Pods-msgraph (iOS)-frameworks-${CONFIGURATION}-input-files.xcfilelist",
			);
			name = "[CP] Embed Pods Frameworks";
			outputFileListPaths = (
				"${PODS_ROOT}/Target Support Files/Pods-msgraph (iOS)/Pods-msgraph (iOS)-frameworks-${CONFIGURATION}-output-files.xcfilelist",
			);
			runOnlyForDeploymentPostprocessing = 0;
			shellPath = /bin/sh;
			shellScript = "\"${PODS_ROOT}/Target Support Files/Pods-msgraph (iOS)/Pods-msgraph (iOS)-frameworks.sh\"\n";
			showEnvVarsInLog = 0;
		};
		63B018FDC5ABA1C3156CAF86 /* [CP] Check Pods Manifest.lock */ = {
			isa = PBXShellScriptBuildPhase;
			buildActionMask = 2147483647;
			files = (
			);
			inputFileListPaths = (
			);
			inputPaths = (
				"${PODS_PODFILE_DIR_PATH}/Podfile.lock",
				"${PODS_ROOT}/Manifest.lock",
			);
			name = "[CP] Check Pods Manifest.lock";
			outputFileListPaths = (
			);
			outputPaths = (
				"$(DERIVED_FILE_DIR)/Pods-msgraph (macOS)-checkManifestLockResult.txt",
			);
			runOnlyForDeploymentPostprocessing = 0;
			shellPath = /bin/sh;
			shellScript = "diff \"${PODS_PODFILE_DIR_PATH}/Podfile.lock\" \"${PODS_ROOT}/Manifest.lock\" > /dev/null\nif [ $? != 0 ] ; then\n    # print error to STDERR\n    echo \"error: The sandbox is not in sync with the Podfile.lock. Run 'pod install' or update your CocoaPods installation.\" >&2\n    exit 1\nfi\n# This output is used by Xcode 'outputs' to avoid re-running this script phase.\necho \"SUCCESS\" > \"${SCRIPT_OUTPUT_FILE_0}\"\n";
			showEnvVarsInLog = 0;
		};
		7FBBFEABC6B2A361A2E40EA0 /* [CP] Check Pods Manifest.lock */ = {
			isa = PBXShellScriptBuildPhase;
			buildActionMask = 2147483647;
			files = (
			);
			inputFileListPaths = (
			);
			inputPaths = (
				"${PODS_PODFILE_DIR_PATH}/Podfile.lock",
				"${PODS_ROOT}/Manifest.lock",
			);
			name = "[CP] Check Pods Manifest.lock";
			outputFileListPaths = (
			);
			outputPaths = (
				"$(DERIVED_FILE_DIR)/Pods-msgraph (iOS)-checkManifestLockResult.txt",
			);
			runOnlyForDeploymentPostprocessing = 0;
			shellPath = /bin/sh;
			shellScript = "diff \"${PODS_PODFILE_DIR_PATH}/Podfile.lock\" \"${PODS_ROOT}/Manifest.lock\" > /dev/null\nif [ $? != 0 ] ; then\n    # print error to STDERR\n    echo \"error: The sandbox is not in sync with the Podfile.lock. Run 'pod install' or update your CocoaPods installation.\" >&2\n    exit 1\nfi\n# This output is used by Xcode 'outputs' to avoid re-running this script phase.\necho \"SUCCESS\" > \"${SCRIPT_OUTPUT_FILE_0}\"\n";
			showEnvVarsInLog = 0;
		};
		E6145F2A265FF4A1009296EE /* Apollo CLI */ = {
			isa = PBXShellScriptBuildPhase;
			buildActionMask = 2147483647;
			files = (
			);
			inputFileListPaths = (
			);
			inputPaths = (
			);
			name = "Apollo CLI";
			outputFileListPaths = (
			);
			outputPaths = (
			);
			runOnlyForDeploymentPostprocessing = 0;
			shellPath = /bin/sh;
			shellScript = "# Type a script or drag a script file from your workspace to insert its path.\nSCRIPT_PATH=\"${PODS_ROOT}/Apollo/scripts\"\n#cd \"${SRCROOT}/${TARGET_NAME}\"\n#\"${SCRIPT_PATH}\"/run-bundled-codegen.sh codegen:generate --target=swift --includes=./**/*.graphql --localSchemaFile=\"schema.json\" API.swift\n# This is for downloding the schema\n#\"${SCRIPT_PATH}\"/run-bundled-codegen.sh schema:download --endpoint=\"https://api.spacex.land/graphql\"\n";
		};
/* End PBXShellScriptBuildPhase section */

/* Begin PBXSourcesBuildPhase section */
		E6CECDCF265D210D00CA87F8 /* Sources */ = {
			isa = PBXSourcesBuildPhase;
			buildActionMask = 2147483647;
			files = (
				E6145F32265FF7E0009296EE /* Network.swift in Sources */,
				E606E36C2666BE4A00A7970A /* ContentView.swift in Sources */,
				E69A63DA267551DE002C869B /* RemoteImage.swift in Sources */,
				E6CECDDF265D210D00CA87F8 /* msgraphApp.swift in Sources */,
				E6145F28265FF258009296EE /* EventView.swift in Sources */,
				E69A63D726754013002C869B /* API.swift in Sources */,
				E69A63D126753EB9002C869B /* LaunchListData.swift in Sources */,
			);
			runOnlyForDeploymentPostprocessing = 0;
		};
		E6CECDD7265D210D00CA87F8 /* Sources */ = {
			isa = PBXSourcesBuildPhase;
			buildActionMask = 2147483647;
			files = (
				E6145F33265FF7E0009296EE /* Network.swift in Sources */,
				E606E36D2666BE4A00A7970A /* ContentView.swift in Sources */,
				E69A63DB267551DE002C869B /* RemoteImage.swift in Sources */,
				E6CECDE0265D210D00CA87F8 /* msgraphApp.swift in Sources */,
				E6145F29265FF258009296EE /* EventView.swift in Sources */,
				E69A63D826754013002C869B /* API.swift in Sources */,
				E69A63D226753EB9002C869B /* LaunchListData.swift in Sources */,
			);
			runOnlyForDeploymentPostprocessing = 0;
		};
/* End PBXSourcesBuildPhase section */

/* Begin XCBuildConfiguration section */
		E6CECDE5265D210D00CA87F8 /* Debug */ = {
			isa = XCBuildConfiguration;
			buildSettings = {
				ALWAYS_SEARCH_USER_PATHS = NO;
				CLANG_ANALYZER_NONNULL = YES;
				CLANG_ANALYZER_NUMBER_OBJECT_CONVERSION = YES_AGGRESSIVE;
				CLANG_CXX_LANGUAGE_STANDARD = "gnu++14";
				CLANG_CXX_LIBRARY = "libc++";
				CLANG_ENABLE_MODULES = YES;
				CLANG_ENABLE_OBJC_ARC = YES;
				CLANG_ENABLE_OBJC_WEAK = YES;
				CLANG_WARN_BLOCK_CAPTURE_AUTORELEASING = YES;
				CLANG_WARN_BOOL_CONVERSION = YES;
				CLANG_WARN_COMMA = YES;
				CLANG_WARN_CONSTANT_CONVERSION = YES;
				CLANG_WARN_DEPRECATED_OBJC_IMPLEMENTATIONS = YES;
				CLANG_WARN_DIRECT_OBJC_ISA_USAGE = YES_ERROR;
				CLANG_WARN_DOCUMENTATION_COMMENTS = YES;
				CLANG_WARN_EMPTY_BODY = YES;
				CLANG_WARN_ENUM_CONVERSION = YES;
				CLANG_WARN_INFINITE_RECURSION = YES;
				CLANG_WARN_INT_CONVERSION = YES;
				CLANG_WARN_NON_LITERAL_NULL_CONVERSION = YES;
				CLANG_WARN_OBJC_IMPLICIT_RETAIN_SELF = YES;
				CLANG_WARN_OBJC_LITERAL_CONVERSION = YES;
				CLANG_WARN_OBJC_ROOT_CLASS = YES_ERROR;
				CLANG_WARN_QUOTED_INCLUDE_IN_FRAMEWORK_HEADER = YES;
				CLANG_WARN_RANGE_LOOP_ANALYSIS = YES;
				CLANG_WARN_STRICT_PROTOTYPES = YES;
				CLANG_WARN_SUSPICIOUS_MOVE = YES;
				CLANG_WARN_UNGUARDED_AVAILABILITY = YES_AGGRESSIVE;
				CLANG_WARN_UNREACHABLE_CODE = YES;
				CLANG_WARN__DUPLICATE_METHOD_MATCH = YES;
				COPY_PHASE_STRIP = NO;
				DEBUG_INFORMATION_FORMAT = dwarf;
				ENABLE_STRICT_OBJC_MSGSEND = YES;
				ENABLE_TESTABILITY = YES;
				GCC_C_LANGUAGE_STANDARD = gnu11;
				GCC_DYNAMIC_NO_PIC = NO;
				GCC_NO_COMMON_BLOCKS = YES;
				GCC_OPTIMIZATION_LEVEL = 0;
				GCC_PREPROCESSOR_DEFINITIONS = (
					"DEBUG=1",
					"$(inherited)",
				);
				GCC_WARN_64_TO_32_BIT_CONVERSION = YES;
				GCC_WARN_ABOUT_RETURN_TYPE = YES_ERROR;
				GCC_WARN_UNDECLARED_SELECTOR = YES;
				GCC_WARN_UNINITIALIZED_AUTOS = YES_AGGRESSIVE;
				GCC_WARN_UNUSED_FUNCTION = YES;
				GCC_WARN_UNUSED_VARIABLE = YES;
				MTL_ENABLE_DEBUG_INFO = INCLUDE_SOURCE;
				MTL_FAST_MATH = YES;
				ONLY_ACTIVE_ARCH = YES;
				SWIFT_ACTIVE_COMPILATION_CONDITIONS = DEBUG;
				SWIFT_OPTIMIZATION_LEVEL = "-Onone";
			};
			name = Debug;
		};
		E6CECDE6265D210D00CA87F8 /* Release */ = {
			isa = XCBuildConfiguration;
			buildSettings = {
				ALWAYS_SEARCH_USER_PATHS = NO;
				CLANG_ANALYZER_NONNULL = YES;
				CLANG_ANALYZER_NUMBER_OBJECT_CONVERSION = YES_AGGRESSIVE;
				CLANG_CXX_LANGUAGE_STANDARD = "gnu++14";
				CLANG_CXX_LIBRARY = "libc++";
				CLANG_ENABLE_MODULES = YES;
				CLANG_ENABLE_OBJC_ARC = YES;
				CLANG_ENABLE_OBJC_WEAK = YES;
				CLANG_WARN_BLOCK_CAPTURE_AUTORELEASING = YES;
				CLANG_WARN_BOOL_CONVERSION = YES;
				CLANG_WARN_COMMA = YES;
				CLANG_WARN_CONSTANT_CONVERSION = YES;
				CLANG_WARN_DEPRECATED_OBJC_IMPLEMENTATIONS = YES;
				CLANG_WARN_DIRECT_OBJC_ISA_USAGE = YES_ERROR;
				CLANG_WARN_DOCUMENTATION_COMMENTS = YES;
				CLANG_WARN_EMPTY_BODY = YES;
				CLANG_WARN_ENUM_CONVERSION = YES;
				CLANG_WARN_INFINITE_RECURSION = YES;
				CLANG_WARN_INT_CONVERSION = YES;
				CLANG_WARN_NON_LITERAL_NULL_CONVERSION = YES;
				CLANG_WARN_OBJC_IMPLICIT_RETAIN_SELF = YES;
				CLANG_WARN_OBJC_LITERAL_CONVERSION = YES;
				CLANG_WARN_OBJC_ROOT_CLASS = YES_ERROR;
				CLANG_WARN_QUOTED_INCLUDE_IN_FRAMEWORK_HEADER = YES;
				CLANG_WARN_RANGE_LOOP_ANALYSIS = YES;
				CLANG_WARN_STRICT_PROTOTYPES = YES;
				CLANG_WARN_SUSPICIOUS_MOVE = YES;
				CLANG_WARN_UNGUARDED_AVAILABILITY = YES_AGGRESSIVE;
				CLANG_WARN_UNREACHABLE_CODE = YES;
				CLANG_WARN__DUPLICATE_METHOD_MATCH = YES;
				COPY_PHASE_STRIP = NO;
				DEBUG_INFORMATION_FORMAT = "dwarf-with-dsym";
				ENABLE_NS_ASSERTIONS = NO;
				ENABLE_STRICT_OBJC_MSGSEND = YES;
				GCC_C_LANGUAGE_STANDARD = gnu11;
				GCC_NO_COMMON_BLOCKS = YES;
				GCC_WARN_64_TO_32_BIT_CONVERSION = YES;
				GCC_WARN_ABOUT_RETURN_TYPE = YES_ERROR;
				GCC_WARN_UNDECLARED_SELECTOR = YES;
				GCC_WARN_UNINITIALIZED_AUTOS = YES_AGGRESSIVE;
				GCC_WARN_UNUSED_FUNCTION = YES;
				GCC_WARN_UNUSED_VARIABLE = YES;
				MTL_ENABLE_DEBUG_INFO = NO;
				MTL_FAST_MATH = YES;
				SWIFT_COMPILATION_MODE = wholemodule;
				SWIFT_OPTIMIZATION_LEVEL = "-O";
			};
			name = Release;
		};
		E6CECDE8265D210D00CA87F8 /* Debug */ = {
			isa = XCBuildConfiguration;
			baseConfigurationReference = EDFF493BA2766689499140C7 /* Pods-msgraph (iOS).debug.xcconfig */;
			buildSettings = {
				ASSETCATALOG_COMPILER_APPICON_NAME = AppIcon;
				ASSETCATALOG_COMPILER_GLOBAL_ACCENT_COLOR_NAME = AccentColor;
				CODE_SIGN_STYLE = Automatic;
				DEVELOPMENT_TEAM = 6CDWQZK7UX;
				ENABLE_PREVIEWS = YES;
				INFOPLIST_FILE = iOS/Info.plist;
				IPHONEOS_DEPLOYMENT_TARGET = 14.0;
				LD_RUNPATH_SEARCH_PATHS = (
					"$(inherited)",
					"@executable_path/Frameworks",
				);
				PRODUCT_BUNDLE_IDENTIFIER = nl.wittopkoning.msgraph;
				PRODUCT_NAME = msgraph;
				SDKROOT = iphoneos;
				SWIFT_VERSION = 5.0;
				TARGETED_DEVICE_FAMILY = "1,2";
			};
			name = Debug;
		};
		E6CECDE9265D210D00CA87F8 /* Release */ = {
			isa = XCBuildConfiguration;
			baseConfigurationReference = 0659DB809050A7FE5100F705 /* Pods-msgraph (iOS).release.xcconfig */;
			buildSettings = {
				ASSETCATALOG_COMPILER_APPICON_NAME = AppIcon;
				ASSETCATALOG_COMPILER_GLOBAL_ACCENT_COLOR_NAME = AccentColor;
				CODE_SIGN_STYLE = Automatic;
				DEVELOPMENT_TEAM = 6CDWQZK7UX;
				ENABLE_PREVIEWS = YES;
				INFOPLIST_FILE = iOS/Info.plist;
				IPHONEOS_DEPLOYMENT_TARGET = 14.0;
				LD_RUNPATH_SEARCH_PATHS = (
					"$(inherited)",
					"@executable_path/Frameworks",
				);
				PRODUCT_BUNDLE_IDENTIFIER = nl.wittopkoning.msgraph;
				PRODUCT_NAME = msgraph;
				SDKROOT = iphoneos;
				SWIFT_VERSION = 5.0;
				TARGETED_DEVICE_FAMILY = "1,2";
				VALIDATE_PRODUCT = YES;
			};
			name = Release;
		};
		E6CECDEB265D210D00CA87F8 /* Debug */ = {
			isa = XCBuildConfiguration;
			baseConfigurationReference = 2E55F4F22A837B7418E1541E /* Pods-msgraph (macOS).debug.xcconfig */;
			buildSettings = {
				ASSETCATALOG_COMPILER_APPICON_NAME = AppIcon;
				ASSETCATALOG_COMPILER_GLOBAL_ACCENT_COLOR_NAME = AccentColor;
				CODE_SIGN_ENTITLEMENTS = macOS/macOS.entitlements;
				CODE_SIGN_IDENTITY = "-";
				CODE_SIGN_STYLE = Automatic;
				COMBINE_HIDPI_IMAGES = YES;
				DEVELOPMENT_TEAM = 6CDWQZK7UX;
				ENABLE_HARDENED_RUNTIME = YES;
				ENABLE_PREVIEWS = YES;
				INFOPLIST_FILE = macOS/Info.plist;
				LD_RUNPATH_SEARCH_PATHS = (
					"$(inherited)",
					"@executable_path/../Frameworks",
				);
				MACOSX_DEPLOYMENT_TARGET = 11.0;
				PRODUCT_BUNDLE_IDENTIFIER = nl.wittopkoning.msgraph;
				PRODUCT_NAME = msgraph;
				SDKROOT = macosx;
				SWIFT_VERSION = 5.0;
			};
			name = Debug;
		};
		E6CECDEC265D210D00CA87F8 /* Release */ = {
			isa = XCBuildConfiguration;
			baseConfigurationReference = 8A1709C209B04C3E9AA222AE /* Pods-msgraph (macOS).release.xcconfig */;
			buildSettings = {
				ASSETCATALOG_COMPILER_APPICON_NAME = AppIcon;
				ASSETCATALOG_COMPILER_GLOBAL_ACCENT_COLOR_NAME = AccentColor;
				CODE_SIGN_ENTITLEMENTS = macOS/macOS.entitlements;
				CODE_SIGN_IDENTITY = "-";
				CODE_SIGN_STYLE = Automatic;
				COMBINE_HIDPI_IMAGES = YES;
				DEVELOPMENT_TEAM = 6CDWQZK7UX;
				ENABLE_HARDENED_RUNTIME = YES;
				ENABLE_PREVIEWS = YES;
				INFOPLIST_FILE = macOS/Info.plist;
				LD_RUNPATH_SEARCH_PATHS = (
					"$(inherited)",
					"@executable_path/../Frameworks",
				);
				MACOSX_DEPLOYMENT_TARGET = 11.0;
				PRODUCT_BUNDLE_IDENTIFIER = nl.wittopkoning.msgraph;
				PRODUCT_NAME = msgraph;
				SDKROOT = macosx;
				SWIFT_VERSION = 5.0;
			};
			name = Release;
		};
/* End XCBuildConfiguration section */

/* Begin XCConfigurationList section */
		E6CECDCA265D20F400CA87F8 /* Build configuration list for PBXProject "msgraph" */ = {
			isa = XCConfigurationList;
			buildConfigurations = (
				E6CECDE5265D210D00CA87F8 /* Debug */,
				E6CECDE6265D210D00CA87F8 /* Release */,
			);
			defaultConfigurationIsVisible = 0;
			defaultConfigurationName = Release;
		};
		E6CECDE7265D210D00CA87F8 /* Build configuration list for PBXNativeTarget "msgraph (iOS)" */ = {
			isa = XCConfigurationList;
			buildConfigurations = (
				E6CECDE8265D210D00CA87F8 /* Debug */,
				E6CECDE9265D210D00CA87F8 /* Release */,
			);
			defaultConfigurationIsVisible = 0;
			defaultConfigurationName = Release;
		};
		E6CECDEA265D210D00CA87F8 /* Build configuration list for PBXNativeTarget "msgraph (macOS)" */ = {
			isa = XCConfigurationList;
			buildConfigurations = (
				E6CECDEB265D210D00CA87F8 /* Debug */,
				E6CECDEC265D210D00CA87F8 /* Release */,
			);
			defaultConfigurationIsVisible = 0;
			defaultConfigurationName = Release;
		};
/* End XCConfigurationList section */
	};
	rootObject = E6CECDC7265D20F400CA87F8 /* Project object */;
}
